{
  "version": 4,
  "terraform_version": "1.15.8",
  "serial": 4,
  "lineage": "221a23f2-62a1-f94f-2907-57b2132b52e1",
  "outputs": {
    "api_id": {
      "value": "cueb1w5ebh",
      "type": "string"
    },
    "invoke_url": {
      "value": "https://cueb1w5ebh.execute-api.us-east-1.amazonaws.com/dev",
      "type": "string"
    }
  },
  "resources": [
    {
      "mode": "managed",
      "type": "aws_api_gateway_rest_api",
      "name": "customer_api",
      "provider": "provider[\"registry.terraform.io/hashicorp/aws\"]",
      "instances": [
        {
          "schema_version": 0,
          "attributes": {
            "api_key_source": "HEADER",
            "arn": "arn:aws:apigateway:us-east-1::/restapis/cueb1w5ebh",
            "binary_media_types": [],
            "body": "openapi: \"3.0.1\"\n\ninfo:\n  title: Customer API\n  version: \"1.0\"\n\npaths:\n\n  /customers:\n\n    get:\n\n      summary: Get Customers\n\n      responses:\n\n        \"200\":\n\n          description: Success\n\nx-amazon-apigateway-importexport-version: \"1.0\"\n",
            "created_date": "2026-07-30T16:26:41Z",
            "description": "",
            "disable_execute_api_endpoint": false,
            "endpoint_configuration": [
              {
                "ip_address_type": "ipv4",
                "types": [
                  "EDGE"
                ],
                "vpc_endpoint_ids": []
              }
            ],
            "execution_arn": "arn:aws:execute-api:us-east-1:568919813489:cueb1w5ebh",
            "fail_on_warnings": null,
            "id": "cueb1w5ebh",
            "minimum_compression_size": "",
            "name": "CustomerAPI",
            "parameters": null,
            "policy": "",
            "put_rest_api_mode": null,
            "root_resource_id": "r7zts6ogtd",
            "tags": {},
            "tags_all": {}
          },
          "sensitive_attributes": [],
          "identity_schema_version": 0,
          "private": "bnVsbA==",
          "create_before_destroy": true
        }
      ]
    }
  ],
  "check_results": null
}
